
Microsoft Visual Studio Solution File, Format Version 12.00
# Visual Studio Version 17
VisualStudioVersion = 17.4.33213.308
MinimumVisualStudioVersion = 10.0.40219.1
Project("{FAE04EC0-301F-11D3-BF4B-00C04F79EFBC}") = "BridgeDeisgnPattern", "BridgeDeisgnPattern\BridgeDeisgnPattern.csproj", "{5AE6D309-811D-4CF2-AC07-615E8A57609F}"
EndProject
Global
	GlobalSection(SolutionConfigurationPlatforms) = preSolution
		Debug|Any CPU = Debug|Any CPU
		Release|Any CPU = Release|Any CPU
	EndGlobalSection
	GlobalSection(ProjectConfigurationPlatforms) = postSolution
		{5AE6D309-811D-4CF2-AC07-615E8A57609F}.Debug|Any CPU.ActiveCfg = Debug|Any CPU
		{5AE6D309-811D-4CF2-AC07-615E8A57609F}.Debug|Any CPU.Build.0 = Debug|Any CPU
		{5AE6D309-811D-4CF2-AC07-615E8A57609F}.Release|Any CPU.ActiveCfg = Release|Any CPU
		{5AE6D309-811D-4CF2-AC07-615E8A57609F}.Release|Any CPU.Build.0 = Release|Any CPU
	EndGlobalSection
	GlobalSection(SolutionProperties) = preSolution
		HideSolutionNode = FALSE
	EndGlobalSection
	GlobalSection(ExtensibilityGlobals) = postSolution
		SolutionGuid = {65D0F47B-2DE3-4D1E-8696-A95056556F0F}
	EndGlobalSection
EndGlobal
